
Microsoft Visual Studio Solution File, Format Version 12.00
# Visual Studio 15
VisualStudioVersion = 15.0.27130.2020
MinimumVisualStudioVersion = 10.0.40219.1
Project("{FAE04EC0-301F-11D3-BF4B-00C04F79EFBC}") = "ChessDotNet", "ChessDotNet\ChessDotNet.csproj", "{ED5B6575-4DFB-48DB-B407-8505B554EC58}"
EndProject
Project("{FAE04EC0-301F-11D3-BF4B-00C04F79EFBC}") = "ChessDotNet.ConsoleTests", "ChessDotNet.ConsoleTests\ChessDotNet.ConsoleTests.csproj", "{C08512A5-47AA-4F11-BD9A-B52F38D0F6FA}"
EndProject
Project("{FAE04EC0-301F-11D3-BF4B-00C04F79EFBC}") = "ChessDotNet.BoardVisualizer", "ChessDotNet.BoardVisualizer\ChessDotNet.BoardVisualizer.csproj", "{84B0870A-071A-430A-B6B5-6D26F5AEE8F1}"
EndProject
Project("{FAE04EC0-301F-11D3-BF4B-00C04F79EFBC}") = "ChessDotNet.ConsoleRunner", "ChessDotNet.ConsoleRunner\ChessDotNet.ConsoleRunner.csproj", "{9B1C5495-301C-4B20-8930-C943D3256F34}"
EndProject
Project("{2150E333-8FDC-42A3-9474-1A3956D46DE8}") = "Solution Items", "Solution Items", "{0462EEF1-6892-423B-95A5-EF9059C19766}"
	ProjectSection(SolutionItems) = preProject
		TODO.txt = TODO.txt
	EndProjectSection
EndProject
Project("{8BC9CEB8-8B4A-11D0-8D11-00A0C91BC942}") = "ChessDotNet.Cpp", "ChessDotNet.Cpp\ChessDotNet.Cpp.vcxproj", "{DB2A20B7-C80D-4F15-83E0-FA46C883BBEC}"
EndProject
Project("{FAE04EC0-301F-11D3-BF4B-00C04F79EFBC}") = "ChessDotNet.Common", "ChessDotNet.Common\ChessDotNet.Common.csproj", "{561AE429-EBD1-4423-AFB2-C6300BC31EEC}"
EndProject
Global
	GlobalSection(Performance) = preSolution
		HasPerformanceSessions = true
	EndGlobalSection
	GlobalSection(SolutionConfigurationPlatforms) = preSolution
		Debug|Any CPU = Debug|Any CPU
		Debug|x64 = Debug|x64
		Debug|x86 = Debug|x86
		Release|Any CPU = Release|Any CPU
		Release|x64 = Release|x64
		Release|x86 = Release|x86
		Test|Any CPU = Test|Any CPU
		Test|x64 = Test|x64
		Test|x86 = Test|x86
	EndGlobalSection
	GlobalSection(ProjectConfigurationPlatforms) = postSolution
		{ED5B6575-4DFB-48DB-B407-8505B554EC58}.Debug|Any CPU.ActiveCfg = Debug|Any CPU
		{ED5B6575-4DFB-48DB-B407-8505B554EC58}.Debug|Any CPU.Build.0 = Debug|Any CPU
		{ED5B6575-4DFB-48DB-B407-8505B554EC58}.Debug|x64.ActiveCfg = Debug|x64
		{ED5B6575-4DFB-48DB-B407-8505B554EC58}.Debug|x64.Build.0 = Debug|x64
		{ED5B6575-4DFB-48DB-B407-8505B554EC58}.Debug|x86.ActiveCfg = Debug|x86
		{ED5B6575-4DFB-48DB-B407-8505B554EC58}.Debug|x86.Build.0 = Debug|x86
		{ED5B6575-4DFB-48DB-B407-8505B554EC58}.Release|Any CPU.ActiveCfg = Release|Any CPU
		{ED5B6575-4DFB-48DB-B407-8505B554EC58}.Release|Any CPU.Build.0 = Release|Any CPU
		{ED5B6575-4DFB-48DB-B407-8505B554EC58}.Release|x64.ActiveCfg = Release|x64
		{ED5B6575-4DFB-48DB-B407-8505B554EC58}.Release|x64.Build.0 = Release|x64
		{ED5B6575-4DFB-48DB-B407-8505B554EC58}.Release|x86.ActiveCfg = Release|x86
		{ED5B6575-4DFB-48DB-B407-8505B554EC58}.Release|x86.Build.0 = Release|x86
		{ED5B6575-4DFB-48DB-B407-8505B554EC58}.Test|Any CPU.ActiveCfg = Test|Any CPU
		{ED5B6575-4DFB-48DB-B407-8505B554EC58}.Test|Any CPU.Build.0 = Test|Any CPU
		{ED5B6575-4DFB-48DB-B407-8505B554EC58}.Test|x64.ActiveCfg = Test|x64
		{ED5B6575-4DFB-48DB-B407-8505B554EC58}.Test|x64.Build.0 = Test|x64
		{ED5B6575-4DFB-48DB-B407-8505B554EC58}.Test|x86.ActiveCfg = Test|x86
		{ED5B6575-4DFB-48DB-B407-8505B554EC58}.Test|x86.Build.0 = Test|x86
		{C08512A5-47AA-4F11-BD9A-B52F38D0F6FA}.Debug|Any CPU.ActiveCfg = Debug|Any CPU
		{C08512A5-47AA-4F11-BD9A-B52F38D0F6FA}.Debug|Any CPU.Build.0 = Debug|Any CPU
		{C08512A5-47AA-4F11-BD9A-B52F38D0F6FA}.Debug|x64.ActiveCfg = Debug|x64
		{C08512A5-47AA-4F11-BD9A-B52F38D0F6FA}.Debug|x64.Build.0 = Debug|x64
		{C08512A5-47AA-4F11-BD9A-B52F38D0F6FA}.Debug|x86.ActiveCfg = Debug|x86
		{C08512A5-47AA-4F11-BD9A-B52F38D0F6FA}.Debug|x86.Build.0 = Debug|x86
		{C08512A5-47AA-4F11-BD9A-B52F38D0F6FA}.Release|Any CPU.ActiveCfg = Release|Any CPU
		{C08512A5-47AA-4F11-BD9A-B52F38D0F6FA}.Release|Any CPU.Build.0 = Release|Any CPU
		{C08512A5-47AA-4F11-BD9A-B52F38D0F6FA}.Release|x64.ActiveCfg = Release|x64
		{C08512A5-47AA-4F11-BD9A-B52F38D0F6FA}.Release|x64.Build.0 = Release|x64
		{C08512A5-47AA-4F11-BD9A-B52F38D0F6FA}.Release|x86.ActiveCfg = Release|x86
		{C08512A5-47AA-4F11-BD9A-B52F38D0F6FA}.Release|x86.Build.0 = Release|x86
		{C08512A5-47AA-4F11-BD9A-B52F38D0F6FA}.Test|Any CPU.ActiveCfg = Test|Any CPU
		{C08512A5-47AA-4F11-BD9A-B52F38D0F6FA}.Test|Any CPU.Build.0 = Test|Any CPU
		{C08512A5-47AA-4F11-BD9A-B52F38D0F6FA}.Test|x64.ActiveCfg = Test|x64
		{C08512A5-47AA-4F11-BD9A-B52F38D0F6FA}.Test|x64.Build.0 = Test|x64
		{C08512A5-47AA-4F11-BD9A-B52F38D0F6FA}.Test|x86.ActiveCfg = Test|x86
		{C08512A5-47AA-4F11-BD9A-B52F38D0F6FA}.Test|x86.Build.0 = Test|x86
		{84B0870A-071A-430A-B6B5-6D26F5AEE8F1}.Debug|Any CPU.ActiveCfg = Debug|Any CPU
		{84B0870A-071A-430A-B6B5-6D26F5AEE8F1}.Debug|Any CPU.Build.0 = Debug|Any CPU
		{84B0870A-071A-430A-B6B5-6D26F5AEE8F1}.Debug|x64.ActiveCfg = Debug|x64
		{84B0870A-071A-430A-B6B5-6D26F5AEE8F1}.Debug|x64.Build.0 = Debug|x64
		{84B0870A-071A-430A-B6B5-6D26F5AEE8F1}.Debug|x86.ActiveCfg = Debug|x86
		{84B0870A-071A-430A-B6B5-6D26F5AEE8F1}.Debug|x86.Build.0 = Debug|x86
		{84B0870A-071A-430A-B6B5-6D26F5AEE8F1}.Release|Any CPU.ActiveCfg = Release|Any CPU
		{84B0870A-071A-430A-B6B5-6D26F5AEE8F1}.Release|Any CPU.Build.0 = Release|Any CPU
		{84B0870A-071A-430A-B6B5-6D26F5AEE8F1}.Release|x64.ActiveCfg = Release|x64
		{84B0870A-071A-430A-B6B5-6D26F5AEE8F1}.Release|x64.Build.0 = Release|x64
		{84B0870A-071A-430A-B6B5-6D26F5AEE8F1}.Release|x86.ActiveCfg = Release|x86
		{84B0870A-071A-430A-B6B5-6D26F5AEE8F1}.Release|x86.Build.0 = Release|x86
		{84B0870A-071A-430A-B6B5-6D26F5AEE8F1}.Test|Any CPU.ActiveCfg = Test|Any CPU
		{84B0870A-071A-430A-B6B5-6D26F5AEE8F1}.Test|Any CPU.Build.0 = Test|Any CPU
		{84B0870A-071A-430A-B6B5-6D26F5AEE8F1}.Test|x64.ActiveCfg = Test|x64
		{84B0870A-071A-430A-B6B5-6D26F5AEE8F1}.Test|x64.Build.0 = Test|x64
		{84B0870A-071A-430A-B6B5-6D26F5AEE8F1}.Test|x86.ActiveCfg = Test|x86
		{84B0870A-071A-430A-B6B5-6D26F5AEE8F1}.Test|x86.Build.0 = Test|x86
		{9B1C5495-301C-4B20-8930-C943D3256F34}.Debug|Any CPU.ActiveCfg = Debug|Any CPU
		{9B1C5495-301C-4B20-8930-C943D3256F34}.Debug|Any CPU.Build.0 = Debug|Any CPU
		{9B1C5495-301C-4B20-8930-C943D3256F34}.Debug|x64.ActiveCfg = Debug|x64
		{9B1C5495-301C-4B20-8930-C943D3256F34}.Debug|x64.Build.0 = Debug|x64
		{9B1C5495-301C-4B20-8930-C943D3256F34}.Debug|x86.ActiveCfg = Debug|x86
		{9B1C5495-301C-4B20-8930-C943D3256F34}.Debug|x86.Build.0 = Debug|x86
		{9B1C5495-301C-4B20-8930-C943D3256F34}.Release|Any CPU.ActiveCfg = Release|Any CPU
		{9B1C5495-301C-4B20-8930-C943D3256F34}.Release|Any CPU.Build.0 = Release|Any CPU
		{9B1C5495-301C-4B20-8930-C943D3256F34}.Release|x64.ActiveCfg = Release|x64
		{9B1C5495-301C-4B20-8930-C943D3256F34}.Release|x64.Build.0 = Release|x64
		{9B1C5495-301C-4B20-8930-C943D3256F34}.Release|x86.ActiveCfg = Release|x86
		{9B1C5495-301C-4B20-8930-C943D3256F34}.Release|x86.Build.0 = Release|x86
		{9B1C5495-301C-4B20-8930-C943D3256F34}.Test|Any CPU.ActiveCfg = Test|Any CPU
		{9B1C5495-301C-4B20-8930-C943D3256F34}.Test|Any CPU.Build.0 = Test|Any CPU
		{9B1C5495-301C-4B20-8930-C943D3256F34}.Test|x64.ActiveCfg = Test|x64
		{9B1C5495-301C-4B20-8930-C943D3256F34}.Test|x64.Build.0 = Test|x64
		{9B1C5495-301C-4B20-8930-C943D3256F34}.Test|x86.ActiveCfg = Test|x86
		{9B1C5495-301C-4B20-8930-C943D3256F34}.Test|x86.Build.0 = Test|x86
		{DB2A20B7-C80D-4F15-83E0-FA46C883BBEC}.Debug|Any CPU.ActiveCfg = Debug|Win32
		{DB2A20B7-C80D-4F15-83E0-FA46C883BBEC}.Debug|x64.ActiveCfg = Debug|x64
		{DB2A20B7-C80D-4F15-83E0-FA46C883BBEC}.Debug|x64.Build.0 = Debug|x64
		{DB2A20B7-C80D-4F15-83E0-FA46C883BBEC}.Debug|x86.ActiveCfg = Debug|Win32
		{DB2A20B7-C80D-4F15-83E0-FA46C883BBEC}.Debug|x86.Build.0 = Debug|Win32
		{DB2A20B7-C80D-4F15-83E0-FA46C883BBEC}.Release|Any CPU.ActiveCfg = Release|Win32
		{DB2A20B7-C80D-4F15-83E0-FA46C883BBEC}.Release|x64.ActiveCfg = Release|x64
		{DB2A20B7-C80D-4F15-83E0-FA46C883BBEC}.Release|x64.Build.0 = Release|x64
		{DB2A20B7-C80D-4F15-83E0-FA46C883BBEC}.Release|x86.ActiveCfg = Release|Win32
		{DB2A20B7-C80D-4F15-83E0-FA46C883BBEC}.Release|x86.Build.0 = Release|Win32
		{DB2A20B7-C80D-4F15-83E0-FA46C883BBEC}.Test|Any CPU.ActiveCfg = Release|x64
		{DB2A20B7-C80D-4F15-83E0-FA46C883BBEC}.Test|Any CPU.Build.0 = Release|x64
		{DB2A20B7-C80D-4F15-83E0-FA46C883BBEC}.Test|x64.ActiveCfg = Release|x64
		{DB2A20B7-C80D-4F15-83E0-FA46C883BBEC}.Test|x64.Build.0 = Release|x64
		{DB2A20B7-C80D-4F15-83E0-FA46C883BBEC}.Test|x86.ActiveCfg = Release|Win32
		{DB2A20B7-C80D-4F15-83E0-FA46C883BBEC}.Test|x86.Build.0 = Release|Win32
		{561AE429-EBD1-4423-AFB2-C6300BC31EEC}.Debug|Any CPU.ActiveCfg = Debug|Any CPU
		{561AE429-EBD1-4423-AFB2-C6300BC31EEC}.Debug|Any CPU.Build.0 = Debug|Any CPU
		{561AE429-EBD1-4423-AFB2-C6300BC31EEC}.Debug|x64.ActiveCfg = Debug|Any CPU
		{561AE429-EBD1-4423-AFB2-C6300BC31EEC}.Debug|x64.Build.0 = Debug|Any CPU
		{561AE429-EBD1-4423-AFB2-C6300BC31EEC}.Debug|x86.ActiveCfg = Debug|Any CPU
		{561AE429-EBD1-4423-AFB2-C6300BC31EEC}.Debug|x86.Build.0 = Debug|Any CPU
		{561AE429-EBD1-4423-AFB2-C6300BC31EEC}.Release|Any CPU.ActiveCfg = Release|Any CPU
		{561AE429-EBD1-4423-AFB2-C6300BC31EEC}.Release|Any CPU.Build.0 = Release|Any CPU
		{561AE429-EBD1-4423-AFB2-C6300BC31EEC}.Release|x64.ActiveCfg = Release|Any CPU
		{561AE429-EBD1-4423-AFB2-C6300BC31EEC}.Release|x64.Build.0 = Release|Any CPU
		{561AE429-EBD1-4423-AFB2-C6300BC31EEC}.Release|x86.ActiveCfg = Release|Any CPU
		{561AE429-EBD1-4423-AFB2-C6300BC31EEC}.Release|x86.Build.0 = Release|Any CPU
		{561AE429-EBD1-4423-AFB2-C6300BC31EEC}.Test|Any CPU.ActiveCfg = Release|Any CPU
		{561AE429-EBD1-4423-AFB2-C6300BC31EEC}.Test|Any CPU.Build.0 = Release|Any CPU
		{561AE429-EBD1-4423-AFB2-C6300BC31EEC}.Test|x64.ActiveCfg = Release|Any CPU
		{561AE429-EBD1-4423-AFB2-C6300BC31EEC}.Test|x64.Build.0 = Release|Any CPU
		{561AE429-EBD1-4423-AFB2-C6300BC31EEC}.Test|x86.ActiveCfg = Release|Any CPU
		{561AE429-EBD1-4423-AFB2-C6300BC31EEC}.Test|x86.Build.0 = Release|Any CPU
	EndGlobalSection
	GlobalSection(SolutionProperties) = preSolution
		HideSolutionNode = FALSE
	EndGlobalSection
	GlobalSection(ExtensibilityGlobals) = postSolution
		SolutionGuid = {5772D64D-756C-4591-97E5-60FD5F95E322}
	EndGlobalSection
EndGlobal
