
Microsoft Visual Studio Solution File, Format Version 12.00
# Visual Studio 14
VisualStudioVersion = 14.0.25123.0
MinimumVisualStudioVersion = 10.0.40219.1
Project("{FAE04EC0-301F-11D3-BF4B-00C04F79EFBC}") = "ChessDotNet", "ChessDotNet\ChessDotNet.csproj", "{ED5B6575-4DFB-48DB-B407-8505B554EC58}"
EndProject
Project("{FAE04EC0-301F-11D3-BF4B-00C04F79EFBC}") = "ChessDotNet.ConsoleTests", "ChessDotNet.ConsoleTests\ChessDotNet.ConsoleTests.csproj", "{C08512A5-47AA-4F11-BD9A-B52F38D0F6FA}"
EndProject
Project("{FAE04EC0-301F-11D3-BF4B-00C04F79EFBC}") = "ChessDotNet.BoardVisualizer", "ChessDotNet.BoardVisualizer\ChessDotNet.BoardVisualizer.csproj", "{84B0870A-071A-430A-B6B5-6D26F5AEE8F1}"
EndProject
Project("{FAE04EC0-301F-11D3-BF4B-00C04F79EFBC}") = "ChessDotNet.ConsoleRunner", "ChessDotNet.ConsoleRunner\ChessDotNet.ConsoleRunner.csproj", "{9B1C5495-301C-4B20-8930-C943D3256F34}"
EndProject
Global
	GlobalSection(SolutionConfigurationPlatforms) = preSolution
		Debug|Any CPU = Debug|Any CPU
		Release|Any CPU = Release|Any CPU
	EndGlobalSection
	GlobalSection(ProjectConfigurationPlatforms) = postSolution
		{ED5B6575-4DFB-48DB-B407-8505B554EC58}.Debug|Any CPU.ActiveCfg = Debug|Any CPU
		{ED5B6575-4DFB-48DB-B407-8505B554EC58}.Debug|Any CPU.Build.0 = Debug|Any CPU
		{ED5B6575-4DFB-48DB-B407-8505B554EC58}.Release|Any CPU.ActiveCfg = Release|Any CPU
		{ED5B6575-4DFB-48DB-B407-8505B554EC58}.Release|Any CPU.Build.0 = Release|Any CPU
		{C08512A5-47AA-4F11-BD9A-B52F38D0F6FA}.Debug|Any CPU.ActiveCfg = Debug|Any CPU
		{C08512A5-47AA-4F11-BD9A-B52F38D0F6FA}.Debug|Any CPU.Build.0 = Debug|Any CPU
		{C08512A5-47AA-4F11-BD9A-B52F38D0F6FA}.Release|Any CPU.ActiveCfg = Release|Any CPU
		{C08512A5-47AA-4F11-BD9A-B52F38D0F6FA}.Release|Any CPU.Build.0 = Release|Any CPU
		{84B0870A-071A-430A-B6B5-6D26F5AEE8F1}.Debug|Any CPU.ActiveCfg = Debug|Any CPU
		{84B0870A-071A-430A-B6B5-6D26F5AEE8F1}.Debug|Any CPU.Build.0 = Debug|Any CPU
		{84B0870A-071A-430A-B6B5-6D26F5AEE8F1}.Release|Any CPU.ActiveCfg = Release|Any CPU
		{84B0870A-071A-430A-B6B5-6D26F5AEE8F1}.Release|Any CPU.Build.0 = Release|Any CPU
		{9B1C5495-301C-4B20-8930-C943D3256F34}.Debug|Any CPU.ActiveCfg = Debug|Any CPU
		{9B1C5495-301C-4B20-8930-C943D3256F34}.Debug|Any CPU.Build.0 = Debug|Any CPU
		{9B1C5495-301C-4B20-8930-C943D3256F34}.Release|Any CPU.ActiveCfg = Release|Any CPU
		{9B1C5495-301C-4B20-8930-C943D3256F34}.Release|Any CPU.Build.0 = Release|Any CPU
	EndGlobalSection
	GlobalSection(SolutionProperties) = preSolution
		HideSolutionNode = FALSE
	EndGlobalSection
EndGlobal
